
Microsoft Visual Studio Solution File, Format Version 12.00
# Visual Studio 14
VisualStudioVersion = 14.0.25420.1
MinimumVisualStudioVersion = 10.0.40219.1
Project("{F184B08F-C81C-45F6-A57F-5ABD9991F28F}") = "SteamActivator", "SteamActivator\SteamActivator.vbproj", "{C582739A-D8A9-484B-8B56-18EF57788488}"
EndProject
Global
	GlobalSection(SolutionConfigurationPlatforms) = preSolution
		Debug|Any CPU = Debug|Any CPU
		Debug|x86 = Debug|x86
		Release|Any CPU = Release|Any CPU
		Release|x86 = Release|x86
	EndGlobalSection
	GlobalSection(ProjectConfigurationPlatforms) = postSolution
		{C582739A-D8A9-484B-8B56-18EF57788488}.Debug|Any CPU.ActiveCfg = Debug|Any CPU
		{C582739A-D8A9-484B-8B56-18EF57788488}.Debug|Any CPU.Build.0 = Debug|Any CPU
		{C582739A-D8A9-484B-8B56-18EF57788488}.Debug|x86.ActiveCfg = Debug|Any CPU
		{C582739A-D8A9-484B-8B56-18EF57788488}.Debug|x86.Build.0 = Debug|Any CPU
		{C582739A-D8A9-484B-8B56-18EF57788488}.Release|Any CPU.ActiveCfg = Release|Any CPU
		{C582739A-D8A9-484B-8B56-18EF57788488}.Release|Any CPU.Build.0 = Release|Any CPU
		{C582739A-D8A9-484B-8B56-18EF57788488}.Release|x86.ActiveCfg = Release|x86
		{C582739A-D8A9-484B-8B56-18EF57788488}.Release|x86.Build.0 = Release|x86
	EndGlobalSection
	GlobalSection(SolutionProperties) = preSolution
		HideSolutionNode = FALSE
	EndGlobalSection
EndGlobal
